
Microsoft Visual Studio Solution File, Format Version 12.00
# Visual Studio 2013
VisualStudioVersion = 12.0.31101.0
MinimumVisualStudioVersion = 10.0.40219.1
Project("{FAE04EC0-301F-11D3-BF4B-00C04F79EFBC}") = "Woz.BadlyDrawnRogue", "Woz.BadlyDrawnRogue\Woz.BadlyDrawnRogue.csproj", "{223E2970-979F-48A2-94F0-BF520CDB39AC}"
EndProject
Project("{FAE04EC0-301F-11D3-BF4B-00C04F79EFBC}") = "Woz.RogueEngine", "Woz.RogueEngine\Woz.RogueEngine.csproj", "{37EF993B-BE7A-4E2E-AC27-7EF8DA5C8493}"
EndProject
Project("{FAE04EC0-301F-11D3-BF4B-00C04F79EFBC}") = "Woz.RogueEngine.Tests", "Woz.RogueEngine.Tests\Woz.RogueEngine.Tests.csproj", "{C3F3571E-DB9E-44EF-B604-69FFB3CEF4EA}"
EndProject
Project("{FAE04EC0-301F-11D3-BF4B-00C04F79EFBC}") = "Woz.Linq", "Woz.Linq\Woz.Linq.csproj", "{1C394BD3-381E-4A26-9263-7E4057BD3BFF}"
EndProject
Project("{FAE04EC0-301F-11D3-BF4B-00C04F79EFBC}") = "Woz.Core", "Woz.Core\Woz.Core.csproj", "{E030E5BA-A70A-4023-92D7-D20A7F4102F4}"
EndProject
Project("{FAE04EC0-301F-11D3-BF4B-00C04F79EFBC}") = "Woz.Core.Tests", "Woz.Core.Tests\Woz.Core.Tests.csproj", "{EE413E35-4738-40B7-950C-659B0133DB21}"
EndProject
Project("{FAE04EC0-301F-11D3-BF4B-00C04F79EFBC}") = "Woz.Linq.Tests", "Woz.Linq.Tests\Woz.Linq.Tests.csproj", "{885A465A-3667-4F17-94EB-3E15C5857398}"
EndProject
Project("{FAE04EC0-301F-11D3-BF4B-00C04F79EFBC}") = "Woz.Immutable", "Woz.Immutable\Woz.Immutable.csproj", "{E7F50371-A7C5-4B42-AB7F-DBCE7FBA1099}"
EndProject
Project("{FAE04EC0-301F-11D3-BF4B-00C04F79EFBC}") = "Woz.Immutable.Tests", "Woz.Immutable.Tests\Woz.Immutable.Tests.csproj", "{70A3A0A2-F7BE-4F22-8992-EE7DA08BF28E}"
EndProject
Project("{FAE04EC0-301F-11D3-BF4B-00C04F79EFBC}") = "Woz.Lenses", "Woz.Lenses\Woz.Lenses.csproj", "{95E4674D-638D-4B89-8732-106F10D27B1C}"
EndProject
Project("{FAE04EC0-301F-11D3-BF4B-00C04F79EFBC}") = "Woz.Lenses.Tests", "Woz.Lenses.Tests\Woz.Lenses.Tests.csproj", "{ED5869C9-0973-40EB-B9D7-9AFC1B7C8CE7}"
EndProject
Project("{FAE04EC0-301F-11D3-BF4B-00C04F79EFBC}") = "Woz.Monads", "Woz.Monads\Woz.Monads.csproj", "{5765091D-856C-41D4-B97E-AA7A3D0ED5BA}"
EndProject
Project("{FAE04EC0-301F-11D3-BF4B-00C04F79EFBC}") = "Woz.Monads.Tests", "Woz.Monads.Tests\Woz.Monads.Tests.csproj", "{8EB102E2-17C3-4249-A947-A17B159D9F2C}"
EndProject
Project("{FAE04EC0-301F-11D3-BF4B-00C04F79EFBC}") = "Woz.PathFinding", "Woz.PathFinding\Woz.PathFinding.csproj", "{EC905BE6-5B2E-477C-A975-66FF6F087442}"
EndProject
Project("{2150E333-8FDC-42A3-9474-1A3956D46DE8}") = ".nuget", ".nuget", "{814B62A4-B7BF-41D3-B4CF-3736A602DCBB}"
	ProjectSection(SolutionItems) = preProject
		.nuget\NuGet.Config = .nuget\NuGet.Config
		.nuget\NuGet.exe = .nuget\NuGet.exe
		.nuget\NuGet.targets = .nuget\NuGet.targets
	EndProjectSection
EndProject
Project("{FAE04EC0-301F-11D3-BF4B-00C04F79EFBC}") = "Woz.PathFinding.Tests", "Woz.PathFinding.Tests\Woz.PathFinding.Tests.csproj", "{A44DBC4B-A851-4981-8E0A-104C93653AE1}"
EndProject
Global
	GlobalSection(SolutionConfigurationPlatforms) = preSolution
		Debug|Any CPU = Debug|Any CPU
		Release|Any CPU = Release|Any CPU
	EndGlobalSection
	GlobalSection(ProjectConfigurationPlatforms) = postSolution
		{223E2970-979F-48A2-94F0-BF520CDB39AC}.Debug|Any CPU.ActiveCfg = Debug|Any CPU
		{223E2970-979F-48A2-94F0-BF520CDB39AC}.Debug|Any CPU.Build.0 = Debug|Any CPU
		{223E2970-979F-48A2-94F0-BF520CDB39AC}.Release|Any CPU.ActiveCfg = Release|Any CPU
		{223E2970-979F-48A2-94F0-BF520CDB39AC}.Release|Any CPU.Build.0 = Release|Any CPU
		{37EF993B-BE7A-4E2E-AC27-7EF8DA5C8493}.Debug|Any CPU.ActiveCfg = Debug|Any CPU
		{37EF993B-BE7A-4E2E-AC27-7EF8DA5C8493}.Debug|Any CPU.Build.0 = Debug|Any CPU
		{37EF993B-BE7A-4E2E-AC27-7EF8DA5C8493}.Release|Any CPU.ActiveCfg = Release|Any CPU
		{37EF993B-BE7A-4E2E-AC27-7EF8DA5C8493}.Release|Any CPU.Build.0 = Release|Any CPU
		{C3F3571E-DB9E-44EF-B604-69FFB3CEF4EA}.Debug|Any CPU.ActiveCfg = Debug|Any CPU
		{C3F3571E-DB9E-44EF-B604-69FFB3CEF4EA}.Debug|Any CPU.Build.0 = Debug|Any CPU
		{C3F3571E-DB9E-44EF-B604-69FFB3CEF4EA}.Release|Any CPU.ActiveCfg = Release|Any CPU
		{1C394BD3-381E-4A26-9263-7E4057BD3BFF}.Debug|Any CPU.ActiveCfg = Debug|Any CPU
		{1C394BD3-381E-4A26-9263-7E4057BD3BFF}.Debug|Any CPU.Build.0 = Debug|Any CPU
		{1C394BD3-381E-4A26-9263-7E4057BD3BFF}.Release|Any CPU.ActiveCfg = Release|Any CPU
		{1C394BD3-381E-4A26-9263-7E4057BD3BFF}.Release|Any CPU.Build.0 = Release|Any CPU
		{E030E5BA-A70A-4023-92D7-D20A7F4102F4}.Debug|Any CPU.ActiveCfg = Debug|Any CPU
		{E030E5BA-A70A-4023-92D7-D20A7F4102F4}.Debug|Any CPU.Build.0 = Debug|Any CPU
		{E030E5BA-A70A-4023-92D7-D20A7F4102F4}.Release|Any CPU.ActiveCfg = Release|Any CPU
		{E030E5BA-A70A-4023-92D7-D20A7F4102F4}.Release|Any CPU.Build.0 = Release|Any CPU
		{EE413E35-4738-40B7-950C-659B0133DB21}.Debug|Any CPU.ActiveCfg = Debug|Any CPU
		{EE413E35-4738-40B7-950C-659B0133DB21}.Debug|Any CPU.Build.0 = Debug|Any CPU
		{EE413E35-4738-40B7-950C-659B0133DB21}.Release|Any CPU.ActiveCfg = Release|Any CPU
		{885A465A-3667-4F17-94EB-3E15C5857398}.Debug|Any CPU.ActiveCfg = Debug|Any CPU
		{885A465A-3667-4F17-94EB-3E15C5857398}.Debug|Any CPU.Build.0 = Debug|Any CPU
		{885A465A-3667-4F17-94EB-3E15C5857398}.Release|Any CPU.ActiveCfg = Release|Any CPU
		{885A465A-3667-4F17-94EB-3E15C5857398}.Release|Any CPU.Build.0 = Release|Any CPU
		{E7F50371-A7C5-4B42-AB7F-DBCE7FBA1099}.Debug|Any CPU.ActiveCfg = Debug|Any CPU
		{E7F50371-A7C5-4B42-AB7F-DBCE7FBA1099}.Debug|Any CPU.Build.0 = Debug|Any CPU
		{E7F50371-A7C5-4B42-AB7F-DBCE7FBA1099}.Release|Any CPU.ActiveCfg = Release|Any CPU
		{E7F50371-A7C5-4B42-AB7F-DBCE7FBA1099}.Release|Any CPU.Build.0 = Release|Any CPU
		{70A3A0A2-F7BE-4F22-8992-EE7DA08BF28E}.Debug|Any CPU.ActiveCfg = Debug|Any CPU
		{70A3A0A2-F7BE-4F22-8992-EE7DA08BF28E}.Debug|Any CPU.Build.0 = Debug|Any CPU
		{70A3A0A2-F7BE-4F22-8992-EE7DA08BF28E}.Release|Any CPU.ActiveCfg = Release|Any CPU
		{70A3A0A2-F7BE-4F22-8992-EE7DA08BF28E}.Release|Any CPU.Build.0 = Release|Any CPU
		{95E4674D-638D-4B89-8732-106F10D27B1C}.Debug|Any CPU.ActiveCfg = Debug|Any CPU
		{95E4674D-638D-4B89-8732-106F10D27B1C}.Debug|Any CPU.Build.0 = Debug|Any CPU
		{95E4674D-638D-4B89-8732-106F10D27B1C}.Release|Any CPU.ActiveCfg = Release|Any CPU
		{95E4674D-638D-4B89-8732-106F10D27B1C}.Release|Any CPU.Build.0 = Release|Any CPU
		{ED5869C9-0973-40EB-B9D7-9AFC1B7C8CE7}.Debug|Any CPU.ActiveCfg = Debug|Any CPU
		{ED5869C9-0973-40EB-B9D7-9AFC1B7C8CE7}.Debug|Any CPU.Build.0 = Debug|Any CPU
		{ED5869C9-0973-40EB-B9D7-9AFC1B7C8CE7}.Release|Any CPU.ActiveCfg = Release|Any CPU
		{ED5869C9-0973-40EB-B9D7-9AFC1B7C8CE7}.Release|Any CPU.Build.0 = Release|Any CPU
		{5765091D-856C-41D4-B97E-AA7A3D0ED5BA}.Debug|Any CPU.ActiveCfg = Debug|Any CPU
		{5765091D-856C-41D4-B97E-AA7A3D0ED5BA}.Debug|Any CPU.Build.0 = Debug|Any CPU
		{5765091D-856C-41D4-B97E-AA7A3D0ED5BA}.Release|Any CPU.ActiveCfg = Release|Any CPU
		{5765091D-856C-41D4-B97E-AA7A3D0ED5BA}.Release|Any CPU.Build.0 = Release|Any CPU
		{8EB102E2-17C3-4249-A947-A17B159D9F2C}.Debug|Any CPU.ActiveCfg = Debug|Any CPU
		{8EB102E2-17C3-4249-A947-A17B159D9F2C}.Debug|Any CPU.Build.0 = Debug|Any CPU
		{8EB102E2-17C3-4249-A947-A17B159D9F2C}.Release|Any CPU.ActiveCfg = Release|Any CPU
		{8EB102E2-17C3-4249-A947-A17B159D9F2C}.Release|Any CPU.Build.0 = Release|Any CPU
		{EC905BE6-5B2E-477C-A975-66FF6F087442}.Debug|Any CPU.ActiveCfg = Debug|Any CPU
		{EC905BE6-5B2E-477C-A975-66FF6F087442}.Debug|Any CPU.Build.0 = Debug|Any CPU
		{EC905BE6-5B2E-477C-A975-66FF6F087442}.Release|Any CPU.ActiveCfg = Release|Any CPU
		{EC905BE6-5B2E-477C-A975-66FF6F087442}.Release|Any CPU.Build.0 = Release|Any CPU
		{A44DBC4B-A851-4981-8E0A-104C93653AE1}.Debug|Any CPU.ActiveCfg = Debug|Any CPU
		{A44DBC4B-A851-4981-8E0A-104C93653AE1}.Debug|Any CPU.Build.0 = Debug|Any CPU
		{A44DBC4B-A851-4981-8E0A-104C93653AE1}.Release|Any CPU.ActiveCfg = Release|Any CPU
		{A44DBC4B-A851-4981-8E0A-104C93653AE1}.Release|Any CPU.Build.0 = Release|Any CPU
	EndGlobalSection
	GlobalSection(SolutionProperties) = preSolution
		HideSolutionNode = FALSE
	EndGlobalSection
EndGlobal
